
Microsoft Visual Studio Solution File, Format Version 12.00
# Visual Studio Version 16
VisualStudioVersion = 16.0.28803.452
MinimumVisualStudioVersion = 10.0.40219.1
Project("{FAE04EC0-301F-11D3-BF4B-00C04F79EFBC}") = "SmartRetail", "SmartRetail\SmartRetail.csproj", "{9FC1E7C2-9275-4ECC-BB23-E71435B3C770}"
EndProject
Project("{FAE04EC0-301F-11D3-BF4B-00C04F79EFBC}") = "CreateTablesDB", "CreateTablesDB\CreateTablesDB.csproj", "{A7067A8B-3235-479E-BE35-E8C3B8E71E92}"
EndProject
Global
	GlobalSection(SolutionConfigurationPlatforms) = preSolution
		Debug|Any CPU = Debug|Any CPU
		Release|Any CPU = Release|Any CPU
	EndGlobalSection
	GlobalSection(ProjectConfigurationPlatforms) = postSolution
		{9FC1E7C2-9275-4ECC-BB23-E71435B3C770}.Debug|Any CPU.ActiveCfg = Debug|Any CPU
		{9FC1E7C2-9275-4ECC-BB23-E71435B3C770}.Debug|Any CPU.Build.0 = Debug|Any CPU
		{9FC1E7C2-9275-4ECC-BB23-E71435B3C770}.Release|Any CPU.ActiveCfg = Release|Any CPU
		{9FC1E7C2-9275-4ECC-BB23-E71435B3C770}.Release|Any CPU.Build.0 = Release|Any CPU
		{A7067A8B-3235-479E-BE35-E8C3B8E71E92}.Debug|Any CPU.ActiveCfg = Debug|Any CPU
		{A7067A8B-3235-479E-BE35-E8C3B8E71E92}.Debug|Any CPU.Build.0 = Debug|Any CPU
		{A7067A8B-3235-479E-BE35-E8C3B8E71E92}.Release|Any CPU.ActiveCfg = Release|Any CPU
		{A7067A8B-3235-479E-BE35-E8C3B8E71E92}.Release|Any CPU.Build.0 = Release|Any CPU
	EndGlobalSection
	GlobalSection(SolutionProperties) = preSolution
		HideSolutionNode = FALSE
	EndGlobalSection
	GlobalSection(ExtensibilityGlobals) = postSolution
		SolutionGuid = {2FBF20DE-E4E1-4FD1-A32F-F0FDE4B7FD79}
	EndGlobalSection
EndGlobal
